// !$*UTF8*$!
{
	archiveVersion = 1;
	classes = {
	};
	objectVersion = 50;
	objects = {

/* Begin PBXBuildFile section */
		4B03D241254BE515001D74B2 /* ProgressBar.swift in Sources */ = {isa = PBXBuildFile; fileRef = 4B03D240254BE515001D74B2 /* ProgressBar.swift */; };
		4B03D246254BEC64001D74B2 /* HalfCircleSpinnerWithoutBorder.swift in Sources */ = {isa = PBXBuildFile; fileRef = 4B03D245254BEC64001D74B2 /* HalfCircleSpinnerWithoutBorder.swift */; };
		4B03D24B254BF2A3001D74B2 /* HalfCircleSpinnerWithBorder.swift in Sources */ = {isa = PBXBuildFile; fileRef = 4B03D24A254BF2A3001D74B2 /* HalfCircleSpinnerWithBorder.swift */; };
		4B03D24F254BF410001D74B2 /* ProgressCircleWithoutBorder.swift in Sources */ = {isa = PBXBuildFile; fileRef = 4B03D24E254BF410001D74B2 /* ProgressCircleWithoutBorder.swift */; };
		4B03D256254BFD2C001D74B2 /* ProgressCircleWithBorder.swift in Sources */ = {isa = PBXBuildFile; fileRef = 4B03D255254BFD2C001D74B2 /* ProgressCircleWithBorder.swift */; };
		4B03D25A254C0194001D74B2 /* SlidingCircles.swift in Sources */ = {isa = PBXBuildFile; fileRef = 4B03D259254C0194001D74B2 /* SlidingCircles.swift */; };
		4B03D25E254C0A9E001D74B2 /* ScalingCircles.swift in Sources */ = {isa = PBXBuildFile; fileRef = 4B03D25D254C0A9E001D74B2 /* ScalingCircles.swift */; };
		4B4BC2232545BA5600B90534 /* LoadingIndicatorsApp.swift in Sources */ = {isa = PBXBuildFile; fileRef = 4B4BC2222545BA5600B90534 /* LoadingIndicatorsApp.swift */; };
		4B4BC2272545BA5800B90534 /* Assets.xcassets in Resources */ = {isa = PBXBuildFile; fileRef = 4B4BC2262545BA5800B90534 /* Assets.xcassets */; };
		4B4BC22A2545BA5800B90534 /* Preview Assets.xcassets in Resources */ = {isa = PBXBuildFile; fileRef = 4B4BC2292545BA5800B90534 /* Preview Assets.xcassets */; };
		4B4BC2332545BFAD00B90534 /* SpinnerWithoutBorder.swift in Sources */ = {isa = PBXBuildFile; fileRef = 4B4BC2322545BFAD00B90534 /* SpinnerWithoutBorder.swift */; };
		4B4BC2392545DDB900B90534 /* SpinnerWithBorder.swift in Sources */ = {isa = PBXBuildFile; fileRef = 4B4BC2382545DDB900B90534 /* SpinnerWithBorder.swift */; };
		4B4BC23E2545E49400B90534 /* LoadingBar.swift in Sources */ = {isa = PBXBuildFile; fileRef = 4B4BC23D2545E49400B90534 /* LoadingBar.swift */; };
		4B91DA7C254BE0E000400969 /* LoadingText.swift in Sources */ = {isa = PBXBuildFile; fileRef = 4B91DA7B254BE0E000400969 /* LoadingText.swift */; };
/* End PBXBuildFile section */

/* Begin PBXFileReference section */
		4B03D240254BE515001D74B2 /* ProgressBar.swift */ = {isa = PBXFileReference; lastKnownFileType = sourcecode.swift; path = ProgressBar.swift; sourceTree = "<group>"; };
		4B03D245254BEC64001D74B2 /* HalfCircleSpinnerWithoutBorder.swift */ = {isa = PBXFileReference; lastKnownFileType = sourcecode.swift; path = HalfCircleSpinnerWithoutBorder.swift; sourceTree = "<group>"; };
		4B03D24A254BF2A3001D74B2 /* HalfCircleSpinnerWithBorder.swift */ = {isa = PBXFileReference; lastKnownFileType = sourcecode.swift; path = HalfCircleSpinnerWithBorder.swift; sourceTree = "<group>"; };
		4B03D24E254BF410001D74B2 /* ProgressCircleWithoutBorder.swift */ = {isa = PBXFileReference; lastKnownFileType = sourcecode.swift; path = ProgressCircleWithoutBorder.swift; sourceTree = "<group>"; };
		4B03D255254BFD2C001D74B2 /* ProgressCircleWithBorder.swift */ = {isa = PBXFileReference; lastKnownFileType = sourcecode.swift; path = ProgressCircleWithBorder.swift; sourceTree = "<group>"; };
		4B03D259254C0194001D74B2 /* SlidingCircles.swift */ = {isa = PBXFileReference; lastKnownFileType = sourcecode.swift; path = SlidingCircles.swift; sourceTree = "<group>"; };
		4B03D25D254C0A9E001D74B2 /* ScalingCircles.swift */ = {isa = PBXFileReference; lastKnownFileType = sourcecode.swift; path = ScalingCircles.swift; sourceTree = "<group>"; };
		4B4BC21F2545BA5600B90534 /* LoadingIndicators.app */ = {isa = PBXFileReference; explicitFileType = wrapper.application; includeInIndex = 0; path = LoadingIndicators.app; sourceTree = BUILT_PRODUCTS_DIR; };
		4B4BC2222545BA5600B90534 /* LoadingIndicatorsApp.swift */ = {isa = PBXFileReference; lastKnownFileType = sourcecode.swift; path = LoadingIndicatorsApp.swift; sourceTree = "<group>"; };
		4B4BC2262545BA5800B90534 /* Assets.xcassets */ = {isa = PBXFileReference; lastKnownFileType = folder.assetcatalog; path = Assets.xcassets; sourceTree = "<group>"; };
		4B4BC2292545BA5800B90534 /* Preview Assets.xcassets */ = {isa = PBXFileReference; lastKnownFileType = folder.assetcatalog; path = "Preview Assets.xcassets"; sourceTree = "<group>"; };
		4B4BC22B2545BA5800B90534 /* Info.plist */ = {isa = PBXFileReference; lastKnownFileType = text.plist.xml; path = Info.plist; sourceTree = "<group>"; };
		4B4BC2322545BFAD00B90534 /* SpinnerWithoutBorder.swift */ = {isa = PBXFileReference; lastKnownFileType = sourcecode.swift; path = SpinnerWithoutBorder.swift; sourceTree = "<group>"; };
		4B4BC2382545DDB900B90534 /* SpinnerWithBorder.swift */ = {isa = PBXFileReference; lastKnownFileType = sourcecode.swift; path = SpinnerWithBorder.swift; sourceTree = "<group>"; };
		4B4BC23D2545E49400B90534 /* LoadingBar.swift */ = {isa = PBXFileReference; lastKnownFileType = sourcecode.swift; path = LoadingBar.swift; sourceTree = "<group>"; };
		4B91DA7B254BE0E000400969 /* LoadingText.swift */ = {isa = PBXFileReference; lastKnownFileType = sourcecode.swift; path = LoadingText.swift; sourceTree = "<group>"; };
/* End PBXFileReference section */

/* Begin PBXFrameworksBuildPhase section */
		4B4BC21C2545BA5600B90534 /* Frameworks */ = {
			isa = PBXFrameworksBuildPhase;
			buildActionMask = 2147483647;
			files = (
			);
			runOnlyForDeploymentPostprocessing = 0;
		};
/* End PBXFrameworksBuildPhase section */

/* Begin PBXGroup section */
		4B4BC2162545BA5600B90534 = {
			isa = PBXGroup;
			children = (
				4B4BC2212545BA5600B90534 /* LoadingIndicators */,
				4B4BC2202545BA5600B90534 /* Products */,
			);
			sourceTree = "<group>";
		};
		4B4BC2202545BA5600B90534 /* Products */ = {
			isa = PBXGroup;
			children = (
				4B4BC21F2545BA5600B90534 /* LoadingIndicators.app */,
			);
			name = Products;
			sourceTree = "<group>";
		};
		4B4BC2212545BA5600B90534 /* LoadingIndicators */ = {
			isa = PBXGroup;
			children = (
				4B4BC2222545BA5600B90534 /* LoadingIndicatorsApp.swift */,
				4B4BC2322545BFAD00B90534 /* SpinnerWithoutBorder.swift */,
				4B4BC2382545DDB900B90534 /* SpinnerWithBorder.swift */,
				4B4BC23D2545E49400B90534 /* LoadingBar.swift */,
				4B91DA7B254BE0E000400969 /* LoadingText.swift */,
				4B03D240254BE515001D74B2 /* ProgressBar.swift */,
				4B03D245254BEC64001D74B2 /* HalfCircleSpinnerWithoutBorder.swift */,
				4B03D24A254BF2A3001D74B2 /* HalfCircleSpinnerWithBorder.swift */,
				4B03D24E254BF410001D74B2 /* ProgressCircleWithoutBorder.swift */,
				4B03D255254BFD2C001D74B2 /* ProgressCircleWithBorder.swift */,
				4B03D259254C0194001D74B2 /* SlidingCircles.swift */,
				4B03D25D254C0A9E001D74B2 /* ScalingCircles.swift */,
				4B4BC2262545BA5800B90534 /* Assets.xcassets */,
				4B4BC22B2545BA5800B90534 /* Info.plist */,
				4B4BC2282545BA5800B90534 /* Preview Content */,
			);
			path = LoadingIndicators;
			sourceTree = "<group>";
		};
		4B4BC2282545BA5800B90534 /* Preview Content */ = {
			isa = PBXGroup;
			children = (
				4B4BC2292545BA5800B90534 /* Preview Assets.xcassets */,
			);
			path = "Preview Content";
			sourceTree = "<group>";
		};
/* End PBXGroup section */

/* Begin PBXNativeTarget section */
		4B4BC21E2545BA5600B90534 /* LoadingIndicators */ = {
			isa = PBXNativeTarget;
			buildConfigurationList = 4B4BC22E2545BA5800B90534 /* Build configuration list for PBXNativeTarget "LoadingIndicators" */;
			buildPhases = (
				4B4BC21B2545BA5600B90534 /* Sources */,
				4B4BC21C2545BA5600B90534 /* Frameworks */,
				4B4BC21D2545BA5600B90534 /* Resources */,
			);
			buildRules = (
			);
			dependencies = (
			);
			name = LoadingIndicators;
			productName = LoadingIndicators;
			productReference = 4B4BC21F2545BA5600B90534 /* LoadingIndicators.app */;
			productType = "com.apple.product-type.application";
		};
/* End PBXNativeTarget section */

/* Begin PBXProject section */
		4B4BC2172545BA5600B90534 /* Project object */ = {
			isa = PBXProject;
			attributes = {
				LastSwiftUpdateCheck = 1210;
				LastUpgradeCheck = 1210;
				TargetAttributes = {
					4B4BC21E2545BA5600B90534 = {
						CreatedOnToolsVersion = 12.1;
					};
				};
			};
			buildConfigurationList = 4B4BC21A2545BA5600B90534 /* Build configuration list for PBXProject "LoadingIndicators" */;
			compatibilityVersion = "Xcode 9.3";
			developmentRegion = en;
			hasScannedForEncodings = 0;
			knownRegions = (
				en,
				Base,
			);
			mainGroup = 4B4BC2162545BA5600B90534;
			productRefGroup = 4B4BC2202545BA5600B90534 /* Products */;
			projectDirPath = "";
			projectRoot = "";
			targets = (
				4B4BC21E2545BA5600B90534 /* LoadingIndicators */,
			);
		};
/* End PBXProject section */

/* Begin PBXResourcesBuildPhase section */
		4B4BC21D2545BA5600B90534 /* Resources */ = {
			isa = PBXResourcesBuildPhase;
			buildActionMask = 2147483647;
			files = (
				4B4BC22A2545BA5800B90534 /* Preview Assets.xcassets in Resources */,
				4B4BC2272545BA5800B90534 /* Assets.xcassets in Resources */,
			);
			runOnlyForDeploymentPostprocessing = 0;
		};
/* End PBXResourcesBuildPhase section */

/* Begin PBXSourcesBuildPhase section */
		4B4BC21B2545BA5600B90534 /* Sources */ = {
			isa = PBXSourcesBuildPhase;
			buildActionMask = 2147483647;
			files = (
				4B03D246254BEC64001D74B2 /* HalfCircleSpinnerWithoutBorder.swift in Sources */,
				4B03D25E254C0A9E001D74B2 /* ScalingCircles.swift in Sources */,
				4B91DA7C254BE0E000400969 /* LoadingText.swift in Sources */,
				4B4BC2332545BFAD00B90534 /* SpinnerWithoutBorder.swift in Sources */,
				4B4BC23E2545E49400B90534 /* LoadingBar.swift in Sources */,
				4B03D256254BFD2C001D74B2 /* ProgressCircleWithBorder.swift in Sources */,
				4B03D24F254BF410001D74B2 /* ProgressCircleWithoutBorder.swift in Sources */,
				4B4BC2392545DDB900B90534 /* SpinnerWithBorder.swift in Sources */,
				4B03D25A254C0194001D74B2 /* SlidingCircles.swift in Sources */,
				4B03D241254BE515001D74B2 /* ProgressBar.swift in Sources */,
				4B03D24B254BF2A3001D74B2 /* HalfCircleSpinnerWithBorder.swift in Sources */,
				4B4BC2232545BA5600B90534 /* LoadingIndicatorsApp.swift in Sources */,
			);
			runOnlyForDeploymentPostprocessing = 0;
		};
/* End PBXSourcesBuildPhase section */

/* Begin XCBuildConfiguration section */
		4B4BC22C2545BA5800B90534 /* Debug */ = {
			isa = XCBuildConfiguration;
			buildSettings = {
				ALWAYS_SEARCH_USER_PATHS = NO;
				CLANG_ANALYZER_NONNULL = YES;
				CLANG_ANALYZER_NUMBER_OBJECT_CONVERSION = YES_AGGRESSIVE;
				CLANG_CXX_LANGUAGE_STANDARD = "gnu++14";
				CLANG_CXX_LIBRARY = "libc++";
				CLANG_ENABLE_MODULES = YES;
				CLANG_ENABLE_OBJC_ARC = YES;
				CLANG_ENABLE_OBJC_WEAK = YES;
				CLANG_WARN_BLOCK_CAPTURE_AUTORELEASING = YES;
				CLANG_WARN_BOOL_CONVERSION = YES;
				CLANG_WARN_COMMA = YES;
				CLANG_WARN_CONSTANT_CONVERSION = YES;
				CLANG_WARN_DEPRECATED_OBJC_IMPLEMENTATIONS = YES;
				CLANG_WARN_DIRECT_OBJC_ISA_USAGE = YES_ERROR;
				CLANG_WARN_DOCUMENTATION_COMMENTS = YES;
				CLANG_WARN_EMPTY_BODY = YES;
				CLANG_WARN_ENUM_CONVERSION = YES;
				CLANG_WARN_INFINITE_RECURSION = YES;
				CLANG_WARN_INT_CONVERSION = YES;
				CLANG_WARN_NON_LITERAL_NULL_CONVERSION = YES;
				CLANG_WARN_OBJC_IMPLICIT_RETAIN_SELF = YES;
				CLANG_WARN_OBJC_LITERAL_CONVERSION = YES;
				CLANG_WARN_OBJC_ROOT_CLASS = YES_ERROR;
				CLANG_WARN_QUOTED_INCLUDE_IN_FRAMEWORK_HEADER = YES;
				CLANG_WARN_RANGE_LOOP_ANALYSIS = YES;
				CLANG_WARN_STRICT_PROTOTYPES = YES;
				CLANG_WARN_SUSPICIOUS_MOVE = YES;
				CLANG_WARN_UNGUARDED_AVAILABILITY = YES_AGGRESSIVE;
				CLANG_WARN_UNREACHABLE_CODE = YES;
				CLANG_WARN__DUPLICATE_METHOD_MATCH = YES;
				COPY_PHASE_STRIP = NO;
				DEBUG_INFORMATION_FORMAT = dwarf;
				ENABLE_STRICT_OBJC_MSGSEND = YES;
				ENABLE_TESTABILITY = YES;
				GCC_C_LANGUAGE_STANDARD = gnu11;
				GCC_DYNAMIC_NO_PIC = NO;
				GCC_NO_COMMON_BLOCKS = YES;
				GCC_OPTIMIZATION_LEVEL = 0;
				GCC_PREPROCESSOR_DEFINITIONS = (
					"DEBUG=1",
					"$(inherited)",
				);
				GCC_WARN_64_TO_32_BIT_CONVERSION = YES;
				GCC_WARN_ABOUT_RETURN_TYPE = YES_ERROR;
				GCC_WARN_UNDECLARED_SELECTOR = YES;
				GCC_WARN_UNINITIALIZED_AUTOS = YES_AGGRESSIVE;
				GCC_WARN_UNUSED_FUNCTION = YES;
				GCC_WARN_UNUSED_VARIABLE = YES;
				IPHONEOS_DEPLOYMENT_TARGET = 14.1;
				MTL_ENABLE_DEBUG_INFO = INCLUDE_SOURCE;
				MTL_FAST_MATH = YES;
				ONLY_ACTIVE_ARCH = YES;
				SDKROOT = iphoneos;
				SWIFT_ACTIVE_COMPILATION_CONDITIONS = DEBUG;
				SWIFT_OPTIMIZATION_LEVEL = "-Onone";
			};
			name = Debug;
		};
		4B4BC22D2545BA5800B90534 /* Release */ = {
			isa = XCBuildConfiguration;
			buildSettings = {
				ALWAYS_SEARCH_USER_PATHS = NO;
				CLANG_ANALYZER_NONNULL = YES;
				CLANG_ANALYZER_NUMBER_OBJECT_CONVERSION = YES_AGGRESSIVE;
				CLANG_CXX_LANGUAGE_STANDARD = "gnu++14";
				CLANG_CXX_LIBRARY = "libc++";
				CLANG_ENABLE_MODULES = YES;
				CLANG_ENABLE_OBJC_ARC = YES;
				CLANG_ENABLE_OBJC_WEAK = YES;
				CLANG_WARN_BLOCK_CAPTURE_AUTORELEASING = YES;
				CLANG_WARN_BOOL_CONVERSION = YES;
				CLANG_WARN_COMMA = YES;
				CLANG_WARN_CONSTANT_CONVERSION = YES;
				CLANG_WARN_DEPRECATED_OBJC_IMPLEMENTATIONS = YES;
				CLANG_WARN_DIRECT_OBJC_ISA_USAGE = YES_ERROR;
				CLANG_WARN_DOCUMENTATION_COMMENTS = YES;
				CLANG_WARN_EMPTY_BODY = YES;
				CLANG_WARN_ENUM_CONVERSION = YES;
				CLANG_WARN_INFINITE_RECURSION = YES;
				CLANG_WARN_INT_CONVERSION = YES;
				CLANG_WARN_NON_LITERAL_NULL_CONVERSION = YES;
				CLANG_WARN_OBJC_IMPLICIT_RETAIN_SELF = YES;
				CLANG_WARN_OBJC_LITERAL_CONVERSION = YES;
				CLANG_WARN_OBJC_ROOT_CLASS = YES_ERROR;
				CLANG_WARN_QUOTED_INCLUDE_IN_FRAMEWORK_HEADER = YES;
				CLANG_WARN_RANGE_LOOP_ANALYSIS = YES;
				CLANG_WARN_STRICT_PROTOTYPES = YES;
				CLANG_WARN_SUSPICIOUS_MOVE = YES;
				CLANG_WARN_UNGUARDED_AVAILABILITY = YES_AGGRESSIVE;
				CLANG_WARN_UNREACHABLE_CODE = YES;
				CLANG_WARN__DUPLICATE_METHOD_MATCH = YES;
				COPY_PHASE_STRIP = NO;
				DEBUG_INFORMATION_FORMAT = "dwarf-with-dsym";
				ENABLE_NS_ASSERTIONS = NO;
				ENABLE_STRICT_OBJC_MSGSEND = YES;
				GCC_C_LANGUAGE_STANDARD = gnu11;
				GCC_NO_COMMON_BLOCKS = YES;
				GCC_WARN_64_TO_32_BIT_CONVERSION = YES;
				GCC_WARN_ABOUT_RETURN_TYPE = YES_ERROR;
				GCC_WARN_UNDECLARED_SELECTOR = YES;
				GCC_WARN_UNINITIALIZED_AUTOS = YES_AGGRESSIVE;
				GCC_WARN_UNUSED_FUNCTION = YES;
				GCC_WARN_UNUSED_VARIABLE = YES;
				IPHONEOS_DEPLOYMENT_TARGET = 14.1;
				MTL_ENABLE_DEBUG_INFO = NO;
				MTL_FAST_MATH = YES;
				SDKROOT = iphoneos;
				SWIFT_COMPILATION_MODE = wholemodule;
				SWIFT_OPTIMIZATION_LEVEL = "-O";
				VALIDATE_PRODUCT = YES;
			};
			name = Release;
		};
		4B4BC22F2545BA5800B90534 /* Debug */ = {
			isa = XCBuildConfiguration;
			buildSettings = {
				ASSETCATALOG_COMPILER_APPICON_NAME = AppIcon;
				ASSETCATALOG_COMPILER_GLOBAL_ACCENT_COLOR_NAME = AccentColor;
				CODE_SIGN_STYLE = Automatic;
				DEVELOPMENT_ASSET_PATHS = "\"LoadingIndicators/Preview Content\"";
				ENABLE_PREVIEWS = YES;
				INFOPLIST_FILE = LoadingIndicators/Info.plist;
				IPHONEOS_DEPLOYMENT_TARGET = 14.0;
				LD_RUNPATH_SEARCH_PATHS = (
					"$(inherited)",
					"@executable_path/Frameworks",
				);
				PRODUCT_BUNDLE_IDENTIFIER = me.kurade.ketaki.LoadingIndicators;
				PRODUCT_NAME = "$(TARGET_NAME)";
				SWIFT_VERSION = 5.0;
				TARGETED_DEVICE_FAMILY = "1,2";
			};
			name = Debug;
		};
		4B4BC2302545BA5800B90534 /* Release */ = {
			isa = XCBuildConfiguration;
			buildSettings = {
				ASSETCATALOG_COMPILER_APPICON_NAME = AppIcon;
				ASSETCATALOG_COMPILER_GLOBAL_ACCENT_COLOR_NAME = AccentColor;
				CODE_SIGN_STYLE = Automatic;
				DEVELOPMENT_ASSET_PATHS = "\"LoadingIndicators/Preview Content\"";
				ENABLE_PREVIEWS = YES;
				INFOPLIST_FILE = LoadingIndicators/Info.plist;
				IPHONEOS_DEPLOYMENT_TARGET = 14.0;
				LD_RUNPATH_SEARCH_PATHS = (
					"$(inherited)",
					"@executable_path/Frameworks",
				);
				PRODUCT_BUNDLE_IDENTIFIER = me.kurade.ketaki.LoadingIndicators;
				PRODUCT_NAME = "$(TARGET_NAME)";
				SWIFT_VERSION = 5.0;
				TARGETED_DEVICE_FAMILY = "1,2";
			};
			name = Release;
		};
/* End XCBuildConfiguration section */

/* Begin XCConfigurationList section */
		4B4BC21A2545BA5600B90534 /* Build configuration list for PBXProject "LoadingIndicators" */ = {
			isa = XCConfigurationList;
			buildConfigurations = (
				4B4BC22C2545BA5800B90534 /* Debug */,
				4B4BC22D2545BA5800B90534 /* Release */,
			);
			defaultConfigurationIsVisible = 0;
			defaultConfigurationName = Release;
		};
		4B4BC22E2545BA5800B90534 /* Build configuration list for PBXNativeTarget "LoadingIndicators" */ = {
			isa = XCConfigurationList;
			buildConfigurations = (
				4B4BC22F2545BA5800B90534 /* Debug */,
				4B4BC2302545BA5800B90534 /* Release */,
			);
			defaultConfigurationIsVisible = 0;
			defaultConfigurationName = Release;
		};
/* End XCConfigurationList section */
	};
	rootObject = 4B4BC2172545BA5600B90534 /* Project object */;
}
